<?xml version="1.0" encoding="utf-8"?>
<Project ToolsVersion="4.0" xmlns="http://schemas.microsoft.com/developer/msbuild/2003">
  <ItemGroup>
    <Filter Include="Source Files">
      <UniqueIdentifier>{4FC737F1-C7A5-4376-A066-2A32D752A2FF}</UniqueIdentifier>
      <Extensions>cpp;c;cc;cxx;def;odl;idl;hpj;bat;asm;asmx</Extensions>
    </Filter>
    <Filter Include="Header Files">
      <UniqueIdentifier>{93995380-89BD-4b04-88EB-625FBE52EBFB}</UniqueIdentifier>
      <Extensions>h;hh;hpp;hxx;hm;inl;inc;xsd</Extensions>
    </Filter>
    <Filter Include="Resource Files">
      <UniqueIdentifier>{67DA6AB6-F800-4c08-8B7A-83BB121AAD01}</UniqueIdentifier>
      <Extensions>rc;ico;cur;bmp;dlg;rc2;rct;bin;rgs;gif;jpg;jpeg;jpe;resx;tiff;tif;png;wav;mfcribbon-ms</Extensions>
    </Filter>
    <Filter Include="Shaders">
      <UniqueIdentifier>{8b6c92a8-f65d-451e-80e3-d65773602b92}</UniqueIdentifier>
    </Filter>
    <Filter Include="Header Files\Chili Framework">
      <UniqueIdentifier>{4f7a8aab-e720-4f8e-9d92-21e626154cce}</UniqueIdentifier>
    </Filter>
    <Filter Include="Header Files\Game Files">
      <UniqueIdentifier>{345bf53f-dda9-4f79-a187-07a930e66613}</UniqueIdentifier>
    </Filter>
    <Filter Include="Header Files\Utilities">
      <UniqueIdentifier>{b946ea55-2f53-4c55-aed9-9d2757e2c268}</UniqueIdentifier>
    </Filter>
    <Filter Include="Header Files\Graphics">
      <UniqueIdentifier>{536de179-79b3-4ac2-87a5-4c522a5a4741}</UniqueIdentifier>
    </Filter>
    <Filter Include="Header Files\Graphics\Vertices">
      <UniqueIdentifier>{f9aa18ab-30f4-4100-bc91-87ecb9a43c63}</UniqueIdentifier>
    </Filter>
    <Filter Include="Header Files\Graphics\Shader Effects">
      <UniqueIdentifier>{d552b8cb-493f-46d7-88a8-4fde64c5f92c}</UniqueIdentifier>
    </Filter>
    <Filter Include="Header Files\Graphics\Samplers">
      <UniqueIdentifier>{64aa6201-b46d-4a1b-811d-fdfad181c63f}</UniqueIdentifier>
    </Filter>
    <Filter Include="Header Files\Game Files\Views">
      <UniqueIdentifier>{edb1d11d-0f91-4b70-8fbd-b3c56f530182}</UniqueIdentifier>
    </Filter>
    <Filter Include="Header Files\Game Files\Models">
      <UniqueIdentifier>{c8cdf04d-cbb4-40c5-8b13-add3ef935979}</UniqueIdentifier>
    </Filter>
    <Filter Include="Header Files\Game Files\Controllers">
      <UniqueIdentifier>{f1d48b51-e68a-4bf5-8c45-90e0b18704a3}</UniqueIdentifier>
    </Filter>
    <Filter Include="Header Files\Graphics\Base Shaders">
      <UniqueIdentifier>{ad42cf37-9b59-4a3b-bb2f-ed5f41e11f2a}</UniqueIdentifier>
    </Filter>
    <Filter Include="Source Files\Chili Framework">
      <UniqueIdentifier>{13c50067-c8b6-4c72-beb7-26e777b16ef9}</UniqueIdentifier>
    </Filter>
    <Filter Include="Source Files\Game Files">
      <UniqueIdentifier>{1665a5aa-3066-4f8f-9fe8-6fc7b113e166}</UniqueIdentifier>
    </Filter>
    <Filter Include="Source Files\Game Files\Models">
      <UniqueIdentifier>{1c884479-0565-46ac-b0c1-112bd336e00b}</UniqueIdentifier>
    </Filter>
    <Filter Include="Source Files\Game Files\Controllers">
      <UniqueIdentifier>{5da1dc25-c598-4e7b-b885-9e2196bb4823}</UniqueIdentifier>
    </Filter>
    <Filter Include="Source Files\Game Files\Views">
      <UniqueIdentifier>{23334094-6691-4de8-a5ec-cf61ff2d86a0}</UniqueIdentifier>
    </Filter>
    <Filter Include="Header Files\Chili Framework\Controllers">
      <UniqueIdentifier>{1cd87b6c-6e21-4084-afc9-04db415c92d9}</UniqueIdentifier>
    </Filter>
    <Filter Include="Header Files\Chili Framework\Models">
      <UniqueIdentifier>{d3f7bc42-d2f9-4c66-b9c8-2aa85917d5f6}</UniqueIdentifier>
    </Filter>
    <Filter Include="Header Files\Chili Framework\Views">
      <UniqueIdentifier>{936715a4-6a28-4cc5-9ba5-e0454078c3f0}</UniqueIdentifier>
    </Filter>
    <Filter Include="Source Files\Chili Framework\Controllers">
      <UniqueIdentifier>{467a33c0-0be9-47d7-8d5f-c6d5ea2e54dd}</UniqueIdentifier>
    </Filter>
    <Filter Include="Source Files\Chili Framework\Views">
      <UniqueIdentifier>{fc1f5de5-b44a-4f7a-962e-9e7ea2849b37}</UniqueIdentifier>
    </Filter>
    <Filter Include="Source Files\Chili Framework\Models">
      <UniqueIdentifier>{5f6048c8-663e-49f2-9f61-4a49fb9e3bb8}</UniqueIdentifier>
    </Filter>
    <Filter Include="Header Files\Chili Samples">
      <UniqueIdentifier>{effebb18-9568-4f2f-a480-cf8184b02f95}</UniqueIdentifier>
    </Filter>
    <Filter Include="Header Files\Chili Samples\Controllers">
      <UniqueIdentifier>{40de6dd5-637c-48b9-838a-09d0c60640a7}</UniqueIdentifier>
    </Filter>
    <Filter Include="Header Files\Chili Samples\Models">
      <UniqueIdentifier>{c88db852-8a47-4d61-b222-982dced034a8}</UniqueIdentifier>
    </Filter>
    <Filter Include="Header Files\Chili Samples\Views">
      <UniqueIdentifier>{d0ecd87c-91fa-496e-a3e5-093586f7de74}</UniqueIdentifier>
    </Filter>
    <Filter Include="Source Files\Chili Samples">
      <UniqueIdentifier>{b05c00cf-e5e6-428a-b7b1-fe7882d658b2}</UniqueIdentifier>
    </Filter>
    <Filter Include="Source Files\Chili Samples\Controllers">
      <UniqueIdentifier>{f5d75855-fa51-43df-9a54-6de011d358da}</UniqueIdentifier>
    </Filter>
    <Filter Include="Source Files\Chili Samples\Models">
      <UniqueIdentifier>{a3fe3d69-f97f-4aa0-8db0-fa0274839a6b}</UniqueIdentifier>
    </Filter>
    <Filter Include="Source Files\Chili Samples\Views">
      <UniqueIdentifier>{84f4d191-a006-460c-bd0a-c7595ea2d60b}</UniqueIdentifier>
    </Filter>
  </ItemGroup>
  <ItemGroup>
    <ClInclude Include="SolidTextureEffect.h">
      <Filter>Header Files\Graphics\Shader Effects</Filter>
    </ClInclude>
    <ClInclude Include="ShieldEffect.h">
      <Filter>Header Files\Graphics\Shader Effects</Filter>
    </ClInclude>
    <ClInclude Include="RectFillEffect.h">
      <Filter>Header Files\Graphics\Shader Effects</Filter>
    </ClInclude>
    <ClInclude Include="ColorKeyTextureEffect.h">
      <Filter>Header Files\Graphics\Shader Effects</Filter>
    </ClInclude>
    <ClInclude Include="AngleMath.h">
      <Filter>Header Files\Utilities</Filter>
    </ClInclude>
    <ClInclude Include="ChiliMath.h">
      <Filter>Header Files\Utilities</Filter>
    </ClInclude>
    <ClInclude Include="Mat3.h">
      <Filter>Header Files\Utilities</Filter>
    </ClInclude>
    <ClInclude Include="Size.h">
      <Filter>Header Files\Utilities</Filter>
    </ClInclude>
    <ClInclude Include="Utilities.h">
      <Filter>Header Files\Utilities</Filter>
    </ClInclude>
    <ClInclude Include="WicWrapper.h">
      <Filter>Header Files\Utilities</Filter>
    </ClInclude>
    <ClInclude Include="ColorVertex.h">
      <Filter>Header Files\Graphics\Vertices</Filter>
    </ClInclude>
    <ClInclude Include="TextureVertex.h">
      <Filter>Header Files\Graphics\Vertices</Filter>
    </ClInclude>
    <ClInclude Include="Triangle.h">
      <Filter>Header Files\Graphics</Filter>
    </ClInclude>
    <ClInclude Include="PointSampler.h">
      <Filter>Header Files\Graphics\Samplers</Filter>
    </ClInclude>
    <ClInclude Include="Game.h">
      <Filter>Header Files\Game Files\Models</Filter>
    </ClInclude>
    <ClInclude Include="World.h">
      <Filter>Header Files\Game Files\Models</Filter>
    </ClInclude>
    <ClInclude Include="WorldView.h">
      <Filter>Header Files\Game Files\Views</Filter>
    </ClInclude>
    <ClInclude Include="WorldController.h">
      <Filter>Header Files\Game Files\Controllers</Filter>
    </ClInclude>
    <ClInclude Include="GameView.h">
      <Filter>Header Files\Game Files\Views</Filter>
    </ClInclude>
    <ClInclude Include="Asteroids.h">
      <Filter>Header Files\Game Files\Models</Filter>
    </ClInclude>
    <ClInclude Include="Bosses.h">
      <Filter>Header Files\Game Files\Models</Filter>
    </ClInclude>
    <ClInclude Include="Enemies.h">
      <Filter>Header Files\Game Files\Models</Filter>
    </ClInclude>
    <ClInclude Include="Hero.h">
      <Filter>Header Files\Game Files\Models</Filter>
    </ClInclude>
    <ClInclude Include="Shield.h">
      <Filter>Header Files\Game Files\Models</Filter>
    </ClInclude>
    <ClInclude Include="Weapon.h">
      <Filter>Header Files\Game Files\Models</Filter>
    </ClInclude>
    <ClInclude Include="DiscFillEffect.h">
      <Filter>Header Files\Graphics\Shader Effects</Filter>
    </ClInclude>
    <ClInclude Include="BaseGeometryShader.h">
      <Filter>Header Files\Graphics\Base Shaders</Filter>
    </ClInclude>
    <ClInclude Include="StarView.h">
      <Filter>Header Files\Game Files\Views</Filter>
    </ClInclude>
    <ClInclude Include="Star.h">
      <Filter>Header Files\Game Files\Models</Filter>
    </ClInclude>
    <ClInclude Include="StarController.h">
      <Filter>Header Files\Game Files\Controllers</Filter>
    </ClInclude>
    <ClInclude Include="AsteroidController.h">
      <Filter>Header Files\Game Files\Controllers</Filter>
    </ClInclude>
    <ClInclude Include="AsteroidView.h">
      <Filter>Header Files\Game Files\Views</Filter>
    </ClInclude>
    <ClInclude Include="AmmoController.h">
      <Filter>Header Files\Game Files\Controllers</Filter>
    </ClInclude>
    <ClInclude Include="AmmoView.h">
      <Filter>Header Files\Game Files\Views</Filter>
    </ClInclude>
    <ClInclude Include="EnemyView.h">
      <Filter>Header Files\Game Files\Views</Filter>
    </ClInclude>
    <ClInclude Include="EnemyController.h">
      <Filter>Header Files\Game Files\Controllers</Filter>
    </ClInclude>
    <ClInclude Include="HeroController.h">
      <Filter>Header Files\Game Files\Controllers</Filter>
    </ClInclude>
    <ClInclude Include="HeroView.h">
      <Filter>Header Files\Game Files\Views</Filter>
    </ClInclude>
    <ClInclude Include="WeaponController.h">
      <Filter>Header Files\Game Files\Controllers</Filter>
    </ClInclude>
    <ClInclude Include="ShieldController.h">
      <Filter>Header Files\Game Files\Controllers</Filter>
    </ClInclude>
    <ClInclude Include="ShieldView.h">
      <Filter>Header Files\Game Files\Views</Filter>
    </ClInclude>
    <ClInclude Include="AsteroidSpawner.h">
      <Filter>Header Files\Game Files\Controllers</Filter>
    </ClInclude>
    <ClInclude Include="EnemySpawner.h">
      <Filter>Header Files\Game Files\Controllers</Filter>
    </ClInclude>
    <ClInclude Include="GameController.h">
      <Filter>Header Files\Game Files\Controllers</Filter>
    </ClInclude>
    <ClInclude Include="Starfield.h">
      <Filter>Header Files\Game Files</Filter>
    </ClInclude>
    <ClInclude Include="BossView.h">
      <Filter>Header Files\Game Files\Views</Filter>
    </ClInclude>
    <ClInclude Include="BossController.h">
      <Filter>Header Files\Game Files\Controllers</Filter>
    </ClInclude>
    <ClInclude Include="Levels.h">
      <Filter>Header Files\Game Files\Models</Filter>
    </ClInclude>
    <ClInclude Include="EntityController.h">
      <Filter>Header Files\Game Files\Controllers</Filter>
    </ClInclude>
    <ClInclude Include="LevelController.h">
      <Filter>Header Files\Game Files\Controllers</Filter>
    </ClInclude>
    <ClInclude Include="Grid.h">
      <Filter>Header Files\Game Files\Models</Filter>
    </ClInclude>
    <ClInclude Include="GridController.h">
      <Filter>Header Files\Game Files\Controllers</Filter>
    </ClInclude>
    <ClInclude Include="GridObject.h">
      <Filter>Header Files\Game Files\Models</Filter>
    </ClInclude>
    <ClInclude Include="CellController.h">
      <Filter>Header Files\Game Files\Controllers</Filter>
    </ClInclude>
    <ClInclude Include="Cell.h">
      <Filter>Header Files\Game Files\Models</Filter>
    </ClInclude>
    <ClInclude Include="NullPixelShader.h">
      <Filter>Header Files\Graphics\Base Shaders</Filter>
    </ClInclude>
    <ClInclude Include="Settings.h">
      <Filter>Header Files\Game Files</Filter>
    </ClInclude>
    <ClInclude Include="AnimationController.h">
      <Filter>Header Files\Chili Framework\Controllers</Filter>
    </ClInclude>
    <ClInclude Include="Animation.h">
      <Filter>Header Files\Chili Framework\Models</Filter>
    </ClInclude>
    <ClInclude Include="AnimationView.h">
      <Filter>Header Files\Chili Framework\Views</Filter>
    </ClInclude>
    <ClInclude Include="BencherController.h">
      <Filter>Header Files\Chili Framework\Controllers</Filter>
    </ClInclude>
    <ClInclude Include="Bencher.h">
      <Filter>Header Files\Chili Framework\Models</Filter>
    </ClInclude>
    <ClInclude Include="Character.h">
      <Filter>Header Files\Chili Samples\Models</Filter>
    </ClInclude>
    <ClInclude Include="CharacterController.h">
      <Filter>Header Files\Chili Samples\Controllers</Filter>
    </ClInclude>
    <ClInclude Include="CharacterView.h">
      <Filter>Header Files\Chili Samples\Views</Filter>
    </ClInclude>
    <ClInclude Include="ColorController.h">
      <Filter>Header Files\Chili Framework\Controllers</Filter>
    </ClInclude>
    <ClInclude Include="Colors.h">
      <Filter>Header Files\Chili Framework\Models</Filter>
    </ClInclude>
    <ClInclude Include="FontController.h">
      <Filter>Header Files\Chili Framework\Controllers</Filter>
    </ClInclude>
    <ClInclude Include="FontView.h">
      <Filter>Header Files\Chili Framework\Views</Filter>
    </ClInclude>
    <ClInclude Include="Font.h">
      <Filter>Header Files\Chili Framework\Models</Filter>
    </ClInclude>
    <ClInclude Include="TimerController.h">
      <Filter>Header Files\Chili Framework\Controllers</Filter>
    </ClInclude>
    <ClInclude Include="FrameTimer.h">
      <Filter>Header Files\Chili Framework\Models</Filter>
    </ClInclude>
    <ClInclude Include="KbdController.h">
      <Filter>Header Files\Chili Framework\Controllers</Filter>
    </ClInclude>
    <ClInclude Include="Keyboard.h">
      <Filter>Header Files\Chili Framework\Models</Filter>
    </ClInclude>
    <ClInclude Include="AppController.h">
      <Filter>Header Files\Chili Framework\Controllers</Filter>
    </ClInclude>
    <ClInclude Include="Window.h">
      <Filter>Header Files\Chili Framework\Models</Filter>
    </ClInclude>
    <ClInclude Include="MenuController.h">
      <Filter>Header Files\Game Files\Controllers</Filter>
    </ClInclude>
    <ClInclude Include="Menus.h">
      <Filter>Header Files\Game Files\Models</Filter>
    </ClInclude>
    <ClInclude Include="MenuView.h">
      <Filter>Header Files\Game Files\Views</Filter>
    </ClInclude>
    <ClInclude Include="ButtonView.h">
      <Filter>Header Files\Game Files\Views</Filter>
    </ClInclude>
    <ClInclude Include="Button.h">
      <Filter>Header Files\Game Files\Models</Filter>
    </ClInclude>
    <ClInclude Include="ButtonController.h">
      <Filter>Header Files\Game Files\Controllers</Filter>
    </ClInclude>
    <ClInclude Include="WindowController.h">
      <Filter>Header Files\Chili Framework\Controllers</Filter>
    </ClInclude>
    <ClInclude Include="MouseController.h">
      <Filter>Header Files\Chili Framework\Controllers</Filter>
    </ClInclude>
    <ClInclude Include="App.h">
      <Filter>Header Files\Chili Framework\Models</Filter>
    </ClInclude>
    <ClInclude Include="ChiliException.h">
      <Filter>Header Files\Chili Framework\Models</Filter>
    </ClInclude>
    <ClInclude Include="ChiliWin.h">
      <Filter>Header Files\Chili Framework\Models</Filter>
    </ClInclude>
    <ClInclude Include="COMInitializer.h">
      <Filter>Header Files\Chili Framework\Models</Filter>
    </ClInclude>
    <ClInclude Include="DXErr.h">
      <Filter>Header Files\Chili Framework\Models</Filter>
    </ClInclude>
    <ClInclude Include="Mouse.h">
      <Filter>Header Files\Chili Framework\Models</Filter>
    </ClInclude>
    <ClInclude Include="Rect.h">
      <Filter>Header Files\Chili Framework\Models</Filter>
    </ClInclude>
    <ClInclude Include="Resource.h">
      <Filter>Header Files\Chili Framework\Models</Filter>
    </ClInclude>
    <ClInclude Include="Sound.h">
      <Filter>Header Files\Chili Framework\Models</Filter>
    </ClInclude>
    <ClInclude Include="SoundEffect.h">
      <Filter>Header Files\Chili Framework\Models</Filter>
    </ClInclude>
    <ClInclude Include="Surface.h">
      <Filter>Header Files\Chili Framework\Models</Filter>
    </ClInclude>
    <ClInclude Include="Vec2.h">
      <Filter>Header Files\Chili Framework\Models</Filter>
    </ClInclude>
    <ClInclude Include="WindowView.h">
      <Filter>Header Files\Chili Framework\Views</Filter>
    </ClInclude>
    <ClInclude Include="RectController.h">
      <Filter>Header Files\Chili Framework\Controllers</Filter>
    </ClInclude>
    <ClInclude Include="SoundController.h">
      <Filter>Header Files\Chili Framework\Controllers</Filter>
    </ClInclude>
    <ClInclude Include="SurfaceController.h">
      <Filter>Header Files\Chili Framework\Controllers</Filter>
    </ClInclude>
    <ClInclude Include="Vec2Controller.h">
      <Filter>Header Files\Chili Framework\Controllers</Filter>
    </ClInclude>
    <ClInclude Include="EffectController.h">
      <Filter>Header Files\Chili Framework\Controllers</Filter>
    </ClInclude>
    <ClInclude Include="EffectView.h">
      <Filter>Header Files\Chili Framework\Views</Filter>
    </ClInclude>
    <ClInclude Include="Ammo.h">
      <Filter>Header Files\Game Files\Models</Filter>
    </ClInclude>
    <ClInclude Include="AppView.h">
      <Filter>Header Files\Chili Framework\Views</Filter>
    </ClInclude>
  </ItemGroup>
  <ItemGroup>
    <ClCompile Include="Asteroids.cpp">
      <Filter>Source Files\Game Files\Models</Filter>
    </ClCompile>
    <ClCompile Include="Bosses.cpp">
      <Filter>Source Files\Game Files\Models</Filter>
    </ClCompile>
    <ClCompile Include="Enemies.cpp">
      <Filter>Source Files\Game Files\Models</Filter>
    </ClCompile>
    <ClCompile Include="Game.cpp">
      <Filter>Source Files\Game Files\Models</Filter>
    </ClCompile>
    <ClCompile Include="Hero.cpp">
      <Filter>Source Files\Game Files\Models</Filter>
    </ClCompile>
    <ClCompile Include="Shield.cpp">
      <Filter>Source Files\Game Files\Models</Filter>
    </ClCompile>
    <ClCompile Include="Star.cpp">
      <Filter>Source Files\Game Files\Models</Filter>
    </ClCompile>
    <ClCompile Include="Weapon.cpp">
      <Filter>Source Files\Game Files\Models</Filter>
    </ClCompile>
    <ClCompile Include="World.cpp">
      <Filter>Source Files\Game Files\Models</Filter>
    </ClCompile>
    <ClCompile Include="AsteroidSpawner.cpp">
      <Filter>Source Files\Game Files\Controllers</Filter>
    </ClCompile>
    <ClCompile Include="EnemySpawner.cpp">
      <Filter>Source Files\Game Files\Controllers</Filter>
    </ClCompile>
    <ClCompile Include="StarController.cpp">
      <Filter>Source Files\Game Files\Controllers</Filter>
    </ClCompile>
    <ClCompile Include="WorldController.cpp">
      <Filter>Source Files\Game Files\Controllers</Filter>
    </ClCompile>
    <ClCompile Include="GameView.cpp">
      <Filter>Source Files\Game Files\Views</Filter>
    </ClCompile>
    <ClCompile Include="StarView.cpp">
      <Filter>Source Files\Game Files\Views</Filter>
    </ClCompile>
    <ClCompile Include="AmmoController.cpp">
      <Filter>Source Files\Game Files\Controllers</Filter>
    </ClCompile>
    <ClCompile Include="AmmoView.cpp">
      <Filter>Source Files\Game Files\Views</Filter>
    </ClCompile>
    <ClCompile Include="AsteroidController.cpp">
      <Filter>Source Files\Game Files\Controllers</Filter>
    </ClCompile>
    <ClCompile Include="AsteroidView.cpp">
      <Filter>Source Files\Game Files\Views</Filter>
    </ClCompile>
    <ClCompile Include="EnemyController.cpp">
      <Filter>Source Files\Game Files\Controllers</Filter>
    </ClCompile>
    <ClCompile Include="EnemyView.cpp">
      <Filter>Source Files\Game Files\Views</Filter>
    </ClCompile>
    <ClCompile Include="HeroController.cpp">
      <Filter>Source Files\Game Files\Controllers</Filter>
    </ClCompile>
    <ClCompile Include="HeroView.cpp">
      <Filter>Source Files\Game Files\Views</Filter>
    </ClCompile>
    <ClCompile Include="ShieldView.cpp">
      <Filter>Source Files\Game Files\Views</Filter>
    </ClCompile>
    <ClCompile Include="WorldView.cpp">
      <Filter>Source Files\Game Files\Views</Filter>
    </ClCompile>
    <ClCompile Include="ShieldController.cpp">
      <Filter>Source Files\Game Files\Controllers</Filter>
    </ClCompile>
    <ClCompile Include="WeaponController.cpp">
      <Filter>Source Files\Game Files\Controllers</Filter>
    </ClCompile>
    <ClCompile Include="GameController.cpp">
      <Filter>Source Files\Game Files\Controllers</Filter>
    </ClCompile>
    <ClCompile Include="Starfield.cpp">
      <Filter>Source Files\Game Files</Filter>
    </ClCompile>
    <ClCompile Include="BossController.cpp">
      <Filter>Source Files\Game Files\Controllers</Filter>
    </ClCompile>
    <ClCompile Include="BossView.cpp">
      <Filter>Source Files\Game Files\Views</Filter>
    </ClCompile>
    <ClCompile Include="CellController.cpp">
      <Filter>Source Files\Game Files\Controllers</Filter>
    </ClCompile>
    <ClCompile Include="GridController.cpp">
      <Filter>Source Files\Game Files\Controllers</Filter>
    </ClCompile>
    <ClCompile Include="LevelController.cpp">
      <Filter>Source Files\Game Files\Controllers</Filter>
    </ClCompile>
    <ClCompile Include="Levels.cpp">
      <Filter>Source Files\Game Files\Models</Filter>
    </ClCompile>
    <ClCompile Include="AnimationController.cpp">
      <Filter>Source Files\Chili Framework\Controllers</Filter>
    </ClCompile>
    <ClCompile Include="BencherController.cpp">
      <Filter>Source Files\Chili Framework\Controllers</Filter>
    </ClCompile>
    <ClCompile Include="AnimationView.cpp">
      <Filter>Source Files\Chili Framework\Views</Filter>
    </ClCompile>
    <ClCompile Include="Animation.cpp">
      <Filter>Source Files\Chili Framework\Models</Filter>
    </ClCompile>
    <ClCompile Include="COMInitializer.cpp">
      <Filter>Source Files\Chili Framework\Models</Filter>
    </ClCompile>
    <ClCompile Include="DXErr.cpp">
      <Filter>Source Files\Chili Framework\Models</Filter>
    </ClCompile>
    <ClCompile Include="Font.cpp">
      <Filter>Source Files\Chili Framework\Models</Filter>
    </ClCompile>
    <ClCompile Include="Sound.cpp">
      <Filter>Source Files\Chili Framework\Models</Filter>
    </ClCompile>
    <ClCompile Include="Surface.cpp">
      <Filter>Source Files\Chili Framework\Models</Filter>
    </ClCompile>
    <ClCompile Include="CharacterView.cpp">
      <Filter>Source Files\Chili Samples\Views</Filter>
    </ClCompile>
    <ClCompile Include="Character.cpp">
      <Filter>Source Files\Chili Samples\Models</Filter>
    </ClCompile>
    <ClCompile Include="CharacterController.cpp">
      <Filter>Source Files\Chili Samples\Controllers</Filter>
    </ClCompile>
    <ClCompile Include="FontView.cpp">
      <Filter>Source Files\Chili Framework\Views</Filter>
    </ClCompile>
    <ClCompile Include="FontController.cpp">
      <Filter>Source Files\Chili Framework\Controllers</Filter>
    </ClCompile>
    <ClCompile Include="TimerController.cpp">
      <Filter>Source Files\Chili Framework\Controllers</Filter>
    </ClCompile>
    <ClCompile Include="KbdController.cpp">
      <Filter>Source Files\Chili Framework\Controllers</Filter>
    </ClCompile>
    <ClCompile Include="AppController.cpp">
      <Filter>Source Files\Chili Framework\Controllers</Filter>
    </ClCompile>
    <ClCompile Include="App.cpp">
      <Filter>Source Files\Chili Framework\Models</Filter>
    </ClCompile>
    <ClCompile Include="ButtonController.cpp">
      <Filter>Source Files\Game Files\Controllers</Filter>
    </ClCompile>
    <ClCompile Include="MenuController.cpp">
      <Filter>Source Files\Game Files\Controllers</Filter>
    </ClCompile>
    <ClCompile Include="MouseController.cpp">
      <Filter>Source Files\Chili Framework\Controllers</Filter>
    </ClCompile>
    <ClCompile Include="WindowController.cpp">
      <Filter>Source Files\Chili Framework\Controllers</Filter>
    </ClCompile>
    <ClCompile Include="ButtonView.cpp">
      <Filter>Source Files\Chili Framework\Views</Filter>
    </ClCompile>
    <ClCompile Include="MenuView.cpp">
      <Filter>Source Files\Chili Framework\Views</Filter>
    </ClCompile>
    <ClCompile Include="Window.cpp">
      <Filter>Source Files\Chili Framework\Models</Filter>
    </ClCompile>
    <ClCompile Include="Main.cpp">
      <Filter>Source Files\Chili Framework</Filter>
    </ClCompile>
    <ClCompile Include="SoundController.cpp">
      <Filter>Source Files\Chili Framework\Controllers</Filter>
    </ClCompile>
    <ClCompile Include="SurfaceController.cpp">
      <Filter>Source Files\Chili Framework\Controllers</Filter>
    </ClCompile>
    <ClCompile Include="WindowView.cpp">
      <Filter>Source Files\Chili Framework\Views</Filter>
    </ClCompile>
    <ClCompile Include="Ammo.cpp">
      <Filter>Source Files\Game Files\Models</Filter>
    </ClCompile>
    <ClCompile Include="AppView.cpp">
      <Filter>Source Files\Chili Framework\Views</Filter>
    </ClCompile>
  </ItemGroup>
  <ItemGroup>
    <FxCompile Include="FramebufferPS.hlsl">
      <Filter>Shaders</Filter>
    </FxCompile>
    <FxCompile Include="FramebufferVS.hlsl">
      <Filter>Shaders</Filter>
    </FxCompile>
  </ItemGroup>
  <ItemGroup>
    <ResourceCompile Include="Resource.rc">
      <Filter>Resource Files</Filter>
    </ResourceCompile>
  </ItemGroup>
  <ItemGroup>
    <Image Include="Chili.ico">
      <Filter>Resource Files</Filter>
    </Image>
  </ItemGroup>
  <ItemGroup>
    <Text Include="TODOList.txt" />
  </ItemGroup>
</Project>